
Microsoft Visual Studio Solution File, Format Version 12.00
# Visual Studio Version 17
VisualStudioVersion = 17.14.36221.1 d17.14
MinimumVisualStudioVersion = 10.0.40219.1
Project("{FAE04EC0-301F-11D3-BF4B-00C04F79EFBC}") = "FUMiniHotelManagementWPF", "FUMiniHotelManagementWPF\FUMiniHotelManagementWPF.csproj", "{81287F36-FE0A-48F5-883F-7761F0B6747D}"
EndProject
Project("{FAE04EC0-301F-11D3-BF4B-00C04F79EFBC}") = "DAL", "DAL\DAL.csproj", "{310BA3C1-8438-48A5-AA3E-4542A97E9473}"
EndProject
Project("{FAE04EC0-301F-11D3-BF4B-00C04F79EFBC}") = "BLL", "BLL\BLL.csproj", "{B63259BD-2699-4A38-B751-10F17487DB00}"
EndProject
Global
	GlobalSection(SolutionConfigurationPlatforms) = preSolution
		Debug|Any CPU = Debug|Any CPU
		Release|Any CPU = Release|Any CPU
	EndGlobalSection
	GlobalSection(ProjectConfigurationPlatforms) = postSolution
		{81287F36-FE0A-48F5-883F-7761F0B6747D}.Debug|Any CPU.ActiveCfg = Debug|Any CPU
		{81287F36-FE0A-48F5-883F-7761F0B6747D}.Debug|Any CPU.Build.0 = Debug|Any CPU
		{81287F36-FE0A-48F5-883F-7761F0B6747D}.Release|Any CPU.ActiveCfg = Release|Any CPU
		{81287F36-FE0A-48F5-883F-7761F0B6747D}.Release|Any CPU.Build.0 = Release|Any CPU
		{310BA3C1-8438-48A5-AA3E-4542A97E9473}.Debug|Any CPU.ActiveCfg = Debug|Any CPU
		{310BA3C1-8438-48A5-AA3E-4542A97E9473}.Debug|Any CPU.Build.0 = Debug|Any CPU
		{310BA3C1-8438-48A5-AA3E-4542A97E9473}.Release|Any CPU.ActiveCfg = Release|Any CPU
		{310BA3C1-8438-48A5-AA3E-4542A97E9473}.Release|Any CPU.Build.0 = Release|Any CPU
		{B63259BD-2699-4A38-B751-10F17487DB00}.Debug|Any CPU.ActiveCfg = Debug|Any CPU
		{B63259BD-2699-4A38-B751-10F17487DB00}.Debug|Any CPU.Build.0 = Debug|Any CPU
		{B63259BD-2699-4A38-B751-10F17487DB00}.Release|Any CPU.ActiveCfg = Release|Any CPU
		{B63259BD-2699-4A38-B751-10F17487DB00}.Release|Any CPU.Build.0 = Release|Any CPU
	EndGlobalSection
	GlobalSection(SolutionProperties) = preSolution
		HideSolutionNode = FALSE
	EndGlobalSection
	GlobalSection(ExtensibilityGlobals) = postSolution
		SolutionGuid = {C0E5E00D-2F0C-4CB5-8D00-B1C76AA9BD00}
	EndGlobalSection
EndGlobal
